{
  "name": "visana",
  "version": "1.0.0",
  "lockfileVersion": 1,
  "requires": true,
  "dependencies": {
    "esbuild": {
      "version": "0.8.44",
      "resolved": "https://registry.npmjs.org/esbuild/-/esbuild-0.8.44.tgz",
      "integrity": "sha512-m9yyBZMgWuAB7e7tA2g9L4PovoLa5Xb73+Yg9uBBR2w3Fe4P9/nxqj/HLrw1k/rjdjF1eX1kNJRytboqOtRCCQ=="
    },
    "hotkeys-js": {
      "version": "3.8.2",
      "resolved": "https://registry.npmjs.org/hotkeys-js/-/hotkeys-js-3.8.2.tgz",
      "integrity": "sha512-HZZ9RVNr3nBbs2nW968o4rp3xXSdPjJ4B7GTXE375WwboltDJMsP9mcHfAAv+igsTeVxetr10mEbnoac/1U+oQ=="
    }
  }
}
